
Microsoft Visual Studio Solution File, Format Version 12.00
# Visual Studio 15
VisualStudioVersion = 15.0.27130.2027
MinimumVisualStudioVersion = 10.0.40219.1
Project("{9A19103F-16F7-4668-BE54-9A1E7A4F7556}") = "RowLevelSecurityPOC", "RowLevelSecurityPOC\RowLevelSecurityPOC.csproj", "{20101D31-50F6-4D4F-8D1B-CE1EA4058AF7}"
EndProject
Global
	GlobalSection(SolutionConfigurationPlatforms) = preSolution
		Debug|Any CPU = Debug|Any CPU
		Release|Any CPU = Release|Any CPU
	EndGlobalSection
	GlobalSection(ProjectConfigurationPlatforms) = postSolution
		{20101D31-50F6-4D4F-8D1B-CE1EA4058AF7}.Debug|Any CPU.ActiveCfg = Debug|Any CPU
		{20101D31-50F6-4D4F-8D1B-CE1EA4058AF7}.Debug|Any CPU.Build.0 = Debug|Any CPU
		{20101D31-50F6-4D4F-8D1B-CE1EA4058AF7}.Release|Any CPU.ActiveCfg = Release|Any CPU
		{20101D31-50F6-4D4F-8D1B-CE1EA4058AF7}.Release|Any CPU.Build.0 = Release|Any CPU
	EndGlobalSection
	GlobalSection(SolutionProperties) = preSolution
		HideSolutionNode = FALSE
	EndGlobalSection
	GlobalSection(ExtensibilityGlobals) = postSolution
		SolutionGuid = {F0BDDE2F-000F-4D78-B62F-DC42C39D0807}
	EndGlobalSection
EndGlobal
